
Microsoft Visual Studio Solution File, Format Version 12.00
# Visual Studio Version 16
VisualStudioVersion = 16.0.31205.134
MinimumVisualStudioVersion = 10.0.40219.1
Project("{FAE04EC0-301F-11D3-BF4B-00C04F79EFBC}") = "guerreirosapi", "guerreirosapi\guerreirosapi.csproj", "{F7BBFCD8-6532-48C5-8F67-185982DF8690}"
EndProject
Global
	GlobalSection(SolutionConfigurationPlatforms) = preSolution
		Debug|Any CPU = Debug|Any CPU
		Release|Any CPU = Release|Any CPU
	EndGlobalSection
	GlobalSection(ProjectConfigurationPlatforms) = postSolution
		{F7BBFCD8-6532-48C5-8F67-185982DF8690}.Debug|Any CPU.ActiveCfg = Debug|Any CPU
		{F7BBFCD8-6532-48C5-8F67-185982DF8690}.Debug|Any CPU.Build.0 = Debug|Any CPU
		{F7BBFCD8-6532-48C5-8F67-185982DF8690}.Release|Any CPU.ActiveCfg = Release|Any CPU
		{F7BBFCD8-6532-48C5-8F67-185982DF8690}.Release|Any CPU.Build.0 = Release|Any CPU
	EndGlobalSection
	GlobalSection(SolutionProperties) = preSolution
		HideSolutionNode = FALSE
	EndGlobalSection
	GlobalSection(ExtensibilityGlobals) = postSolution
		SolutionGuid = {DC2E6ECF-CCC0-4F60-8CEE-5D6B36D3066C}
	EndGlobalSection
EndGlobal
